PODS:
  - AFNetworking (2.4.1):
    - AFNetworking/NSURLConnection
    - AFNetworking/NSURLSession
    - AFNetworking/Reachability
    - AFNetworking/Security
    - AFNetworking/Serialization
    - AFNetworking/UIKit
  - AFNetworking/NSURLConnection (2.4.1):
    - AFNetworking/Reachability
    - AFNetworking/Security
    - AFNetworking/Serialization
  - AFNetworking/NSURLSession (2.4.1):
    - AFNetworking/Reachability
    - AFNetworking/Security
    - AFNetworking/Serialization
  - AFNetworking/Reachability (2.4.1)
  - AFNetworking/Security (2.4.1)
  - AFNetworking/Serialization (2.4.1)
  - AFNetworking/UIKit (2.4.1):
    - AFNetworking/NSURLConnection
    - AFNetworking/NSURLSession
  - Expecta (0.3.1)
  - Expecta+Snapshots (1.2.1):
    - Expecta
    - FBSnapshotTestCase
  - FBSnapshotTestCase (1.2)
  - LGALibrary (1.2.0):
    - AFNetworking (~> 2.3)
  - Specta (0.2.1)

DEPENDENCIES:
  - Expecta
  - Expecta+Snapshots
  - FBSnapshotTestCase
  - LGALibrary (from `../`)
  - Specta (~> 0.2.1)

EXTERNAL SOURCES:
  LGALibrary:
    :path: ../

SPEC CHECKSUMS:
  AFNetworking: 0aabc6fae66d6e5d039eeb21c315843c7aae51ab
  Expecta: 03aabd0a89d8dea843baecb19a7fd7466a69a31d
  Expecta+Snapshots: 30c28e3d8104665ee70e32df1cfc030bb37a8a6c
  FBSnapshotTestCase: 4159bdf235fdae25aa7d813f1452a4f05ad4f9cd
  LGALibrary: 5f6f8d68fee68cc0b41cf462773c382578bda84b
  Specta: 9141310f46b1f68b676650ff2854e1ed0b74163a

COCOAPODS: 0.33.1
