PODS:
  - AFNetworking (2.5.0):
    - AFNetworking/NSURLConnection (= 2.5.0)
    - AFNetworking/NSURLSession (= 2.5.0)
    - AFNetworking/Reachability (= 2.5.0)
    - AFNetworking/Security (= 2.5.0)
    - AFNetworking/Serialization (= 2.5.0)
    - AFNetworking/UIKit (= 2.5.0)
  - AFNetworking/NSURLConnection (2.5.0):
    - AFNetworking/Reachability
    - AFNetworking/Security
    - AFNetworking/Serialization
  - AFNetworking/NSURLSession (2.5.0):
    - AFNetworking/Reachability
    - AFNetworking/Security
    - AFNetworking/Serialization
  - AFNetworking/Reachability (2.5.0)
  - AFNetworking/Security (2.5.0)
  - AFNetworking/Serialization (2.5.0)
  - AFNetworking/UIKit (2.5.0):
    - AFNetworking/NSURLConnection
    - AFNetworking/NSURLSession
  - Expecta (0.3.1)
  - Expecta+Snapshots (1.3.1):
    - Expecta
    - FBSnapshotTestCase
  - FBSnapshotTestCase (1.5)
  - LGALibrary (1.3):
    - AFNetworking (~> 2.3)
  - Specta (0.2.1)

DEPENDENCIES:
  - Expecta
  - Expecta+Snapshots
  - FBSnapshotTestCase
  - LGALibrary (from `../`)
  - Specta (~> 0.2.1)

EXTERNAL SOURCES:
  LGALibrary:
    :path: ../

SPEC CHECKSUMS:
  AFNetworking: 96ac9bf3eda33582701cb1fcc5b896aa1e20311e
  Expecta: a354d4633409dd9fe8c4f5ff5130426adbe31628
  Expecta+Snapshots: 4a0b46d3ba755bd43dffa7d53e4585fc6cbfe8cd
  FBSnapshotTestCase: 26f32d8fa9eb30e9f09712ecfb097808bc79b898
  LGALibrary: 5d94c926c093ef90378b7dd1f0bb496ae429ece2
  Specta: 15a276a6343867b426d5ed135d5aa4d04123a573

COCOAPODS: 0.35.0
